PODS:
  - YoutubePlayer-in-WKWebView (0.2.5)

DEPENDENCIES:
  - YoutubePlayer-in-WKWebView (~> 0.2.0)

SPEC REPOS:
  trunk:
    - YoutubePlayer-in-WKWebView

SPEC CHECKSUMS:
  YoutubePlayer-in-WKWebView: 4dad12b3ece938a6456fa4374df78942f88b485a

PODFILE CHECKSUM: d24f8bb7539e05c9e1f0700612f812ecdfde91fd

COCOAPODS: 1.8.0.beta.1
